
Microsoft Visual Studio Solution File, Format Version 12.00
# Visual Studio Version 17
VisualStudioVersion = 17.2.32630.192
MinimumVisualStudioVersion = 10.0.40219.1
Project("{9A19103F-16F7-4668-BE54-9A1E7A4F7556}") = "Tum4ik.JustClipboardManager", "Tum4ik.JustClipboardManager\Tum4ik.JustClipboardManager.csproj", "{D05552BF-0AB2-4D0C-B466-476A01A91B07}"
EndProject
Project("{2150E333-8FDC-42A3-9474-1A3956D46DE8}") = "Solution Items", "Solution Items", "{D2BBB088-B83D-486F-B5F6-BA350E423111}"
	ProjectSection(SolutionItems) = preProject
		.editorconfig = .editorconfig
		.gitignore = .gitignore
		LICENSE = LICENSE
		README.md = README.md
		ReleaseNotes.md = ReleaseNotes.md
	EndProjectSection
EndProject
Project("{9A19103F-16F7-4668-BE54-9A1E7A4F7556}") = "Tum4ik.JustClipboardManager.Icons", "Tum4ik.JustClipboardManager.Icons\Tum4ik.JustClipboardManager.Icons.csproj", "{164953DE-C1C0-4E96-A861-1307808D5852}"
EndProject
Project("{2150E333-8FDC-42A3-9474-1A3956D46DE8}") = ".github", ".github", "{D330E275-4B7A-4225-A8AE-B17CD3D75AAB}"
	ProjectSection(SolutionItems) = preProject
		.github\FUNDING.yml = .github\FUNDING.yml
	EndProjectSection
EndProject
Project("{2150E333-8FDC-42A3-9474-1A3956D46DE8}") = "workflows", "workflows", "{EFB58FFF-AFD1-4788-AA48-0652BD800A3A}"
	ProjectSection(SolutionItems) = preProject
		.github\workflows\gated.yml = .github\workflows\gated.yml
	EndProjectSection
EndProject
Project("{2150E333-8FDC-42A3-9474-1A3956D46DE8}") = "scripts", "scripts", "{6422F7E7-8F3A-4750-9A82-9C0153726062}"
	ProjectSection(SolutionItems) = preProject
		.github\workflows\scripts\BuildInstaller.ps1 = .github\workflows\scripts\BuildInstaller.ps1
		.github\workflows\scripts\DecodePfx.ps1 = .github\workflows\scripts\DecodePfx.ps1
		.github\workflows\scripts\DotnetPublish.ps1 = .github\workflows\scripts\DotnetPublish.ps1
		.github\workflows\scripts\SignMyCodeFiles.ps1 = .github\workflows\scripts\SignMyCodeFiles.ps1
	EndProjectSection
EndProject
Project("{2150E333-8FDC-42A3-9474-1A3956D46DE8}") = "InnoSetup", "InnoSetup", "{4DA667C9-7864-45B1-9CF6-535A1DEE8859}"
	ProjectSection(SolutionItems) = preProject
		InnoSetup\architecture.iss = InnoSetup\architecture.iss
		InnoSetup\Setup.iss = InnoSetup\Setup.iss
		InnoSetup\version.iss = InnoSetup\version.iss
	EndProjectSection
EndProject
Project("{2150E333-8FDC-42A3-9474-1A3956D46DE8}") = "Tests", "Tests", "{1A911254-6A56-4D1C-B8D3-7A7EE3EF2B0E}"
EndProject
Project("{9A19103F-16F7-4668-BE54-9A1E7A4F7556}") = "Tum4ik.Deployment.UnitTests", "Tests\Tum4ik.Deployment.UnitTests\Tum4ik.Deployment.UnitTests.csproj", "{3E7AB63E-2619-4DFB-AF7D-D562C0533AB3}"
EndProject
Project("{9A19103F-16F7-4668-BE54-9A1E7A4F7556}") = "Tum4ik.JustClipboardManager.UnitTests", "Tests\Tum4ik.JustClipboardManager.UnitTests\Tum4ik.JustClipboardManager.UnitTests.csproj", "{5873C9B0-C2EF-4FEF-A9AD-99FD3F0078E5}"
EndProject
Project("{9A19103F-16F7-4668-BE54-9A1E7A4F7556}") = "Tum4ik.TestHelpers", "Tests\Tum4ik.TestHelpers\Tum4ik.TestHelpers.csproj", "{E669AAA6-7888-4EA7-BCC5-84C6BA0D28A1}"
EndProject
Global
	GlobalSection(SolutionConfigurationPlatforms) = preSolution
		Debug|Any CPU = Debug|Any CPU
		Debug|arm64 = Debug|arm64
		Debug|x64 = Debug|x64
		Debug|x86 = Debug|x86
		Release|Any CPU = Release|Any CPU
		Release|arm64 = Release|arm64
		Release|x64 = Release|x64
		Release|x86 = Release|x86
	EndGlobalSection
	GlobalSection(ProjectConfigurationPlatforms) = postSolution
		{D05552BF-0AB2-4D0C-B466-476A01A91B07}.Debug|Any CPU.ActiveCfg = Debug|Any CPU
		{D05552BF-0AB2-4D0C-B466-476A01A91B07}.Debug|Any CPU.Build.0 = Debug|Any CPU
		{D05552BF-0AB2-4D0C-B466-476A01A91B07}.Debug|arm64.ActiveCfg = Debug|Any CPU
		{D05552BF-0AB2-4D0C-B466-476A01A91B07}.Debug|arm64.Build.0 = Debug|Any CPU
		{D05552BF-0AB2-4D0C-B466-476A01A91B07}.Debug|x64.ActiveCfg = Debug|x64
		{D05552BF-0AB2-4D0C-B466-476A01A91B07}.Debug|x64.Build.0 = Debug|x64
		{D05552BF-0AB2-4D0C-B466-476A01A91B07}.Debug|x86.ActiveCfg = Debug|x86
		{D05552BF-0AB2-4D0C-B466-476A01A91B07}.Debug|x86.Build.0 = Debug|x86
		{D05552BF-0AB2-4D0C-B466-476A01A91B07}.Release|Any CPU.ActiveCfg = Release|Any CPU
		{D05552BF-0AB2-4D0C-B466-476A01A91B07}.Release|Any CPU.Build.0 = Release|Any CPU
		{D05552BF-0AB2-4D0C-B466-476A01A91B07}.Release|arm64.ActiveCfg = Release|Any CPU
		{D05552BF-0AB2-4D0C-B466-476A01A91B07}.Release|arm64.Build.0 = Release|Any CPU
		{D05552BF-0AB2-4D0C-B466-476A01A91B07}.Release|x64.ActiveCfg = Release|x64
		{D05552BF-0AB2-4D0C-B466-476A01A91B07}.Release|x64.Build.0 = Release|x64
		{D05552BF-0AB2-4D0C-B466-476A01A91B07}.Release|x86.ActiveCfg = Release|x86
		{D05552BF-0AB2-4D0C-B466-476A01A91B07}.Release|x86.Build.0 = Release|x86
		{164953DE-C1C0-4E96-A861-1307808D5852}.Debug|Any CPU.ActiveCfg = Debug|Any CPU
		{164953DE-C1C0-4E96-A861-1307808D5852}.Debug|Any CPU.Build.0 = Debug|Any CPU
		{164953DE-C1C0-4E96-A861-1307808D5852}.Debug|arm64.ActiveCfg = Debug|Any CPU
		{164953DE-C1C0-4E96-A861-1307808D5852}.Debug|arm64.Build.0 = Debug|Any CPU
		{164953DE-C1C0-4E96-A861-1307808D5852}.Debug|x64.ActiveCfg = Debug|x64
		{164953DE-C1C0-4E96-A861-1307808D5852}.Debug|x64.Build.0 = Debug|x64
		{164953DE-C1C0-4E96-A861-1307808D5852}.Debug|x86.ActiveCfg = Debug|x86
		{164953DE-C1C0-4E96-A861-1307808D5852}.Debug|x86.Build.0 = Debug|x86
		{164953DE-C1C0-4E96-A861-1307808D5852}.Release|Any CPU.ActiveCfg = Release|Any CPU
		{164953DE-C1C0-4E96-A861-1307808D5852}.Release|Any CPU.Build.0 = Release|Any CPU
		{164953DE-C1C0-4E96-A861-1307808D5852}.Release|arm64.ActiveCfg = Release|Any CPU
		{164953DE-C1C0-4E96-A861-1307808D5852}.Release|arm64.Build.0 = Release|Any CPU
		{164953DE-C1C0-4E96-A861-1307808D5852}.Release|x64.ActiveCfg = Release|x64
		{164953DE-C1C0-4E96-A861-1307808D5852}.Release|x64.Build.0 = Release|x64
		{164953DE-C1C0-4E96-A861-1307808D5852}.Release|x86.ActiveCfg = Release|x86
		{164953DE-C1C0-4E96-A861-1307808D5852}.Release|x86.Build.0 = Release|x86
		{3E7AB63E-2619-4DFB-AF7D-D562C0533AB3}.Debug|Any CPU.ActiveCfg = Debug|Any CPU
		{3E7AB63E-2619-4DFB-AF7D-D562C0533AB3}.Debug|Any CPU.Build.0 = Debug|Any CPU
		{3E7AB63E-2619-4DFB-AF7D-D562C0533AB3}.Debug|arm64.ActiveCfg = Debug|Any CPU
		{3E7AB63E-2619-4DFB-AF7D-D562C0533AB3}.Debug|arm64.Build.0 = Debug|Any CPU
		{3E7AB63E-2619-4DFB-AF7D-D562C0533AB3}.Debug|x64.ActiveCfg = Debug|Any CPU
		{3E7AB63E-2619-4DFB-AF7D-D562C0533AB3}.Debug|x64.Build.0 = Debug|Any CPU
		{3E7AB63E-2619-4DFB-AF7D-D562C0533AB3}.Debug|x86.ActiveCfg = Debug|Any CPU
		{3E7AB63E-2619-4DFB-AF7D-D562C0533AB3}.Debug|x86.Build.0 = Debug|Any CPU
		{3E7AB63E-2619-4DFB-AF7D-D562C0533AB3}.Release|Any CPU.ActiveCfg = Release|Any CPU
		{3E7AB63E-2619-4DFB-AF7D-D562C0533AB3}.Release|Any CPU.Build.0 = Release|Any CPU
		{3E7AB63E-2619-4DFB-AF7D-D562C0533AB3}.Release|arm64.ActiveCfg = Release|Any CPU
		{3E7AB63E-2619-4DFB-AF7D-D562C0533AB3}.Release|arm64.Build.0 = Release|Any CPU
		{3E7AB63E-2619-4DFB-AF7D-D562C0533AB3}.Release|x64.ActiveCfg = Release|Any CPU
		{3E7AB63E-2619-4DFB-AF7D-D562C0533AB3}.Release|x64.Build.0 = Release|Any CPU
		{3E7AB63E-2619-4DFB-AF7D-D562C0533AB3}.Release|x86.ActiveCfg = Release|Any CPU
		{3E7AB63E-2619-4DFB-AF7D-D562C0533AB3}.Release|x86.Build.0 = Release|Any CPU
		{5873C9B0-C2EF-4FEF-A9AD-99FD3F0078E5}.Debug|Any CPU.ActiveCfg = Debug|Any CPU
		{5873C9B0-C2EF-4FEF-A9AD-99FD3F0078E5}.Debug|Any CPU.Build.0 = Debug|Any CPU
		{5873C9B0-C2EF-4FEF-A9AD-99FD3F0078E5}.Debug|arm64.ActiveCfg = Debug|Any CPU
		{5873C9B0-C2EF-4FEF-A9AD-99FD3F0078E5}.Debug|arm64.Build.0 = Debug|Any CPU
		{5873C9B0-C2EF-4FEF-A9AD-99FD3F0078E5}.Debug|x64.ActiveCfg = Debug|Any CPU
		{5873C9B0-C2EF-4FEF-A9AD-99FD3F0078E5}.Debug|x64.Build.0 = Debug|Any CPU
		{5873C9B0-C2EF-4FEF-A9AD-99FD3F0078E5}.Debug|x86.ActiveCfg = Debug|Any CPU
		{5873C9B0-C2EF-4FEF-A9AD-99FD3F0078E5}.Debug|x86.Build.0 = Debug|Any CPU
		{5873C9B0-C2EF-4FEF-A9AD-99FD3F0078E5}.Release|Any CPU.ActiveCfg = Release|Any CPU
		{5873C9B0-C2EF-4FEF-A9AD-99FD3F0078E5}.Release|Any CPU.Build.0 = Release|Any CPU
		{5873C9B0-C2EF-4FEF-A9AD-99FD3F0078E5}.Release|arm64.ActiveCfg = Release|Any CPU
		{5873C9B0-C2EF-4FEF-A9AD-99FD3F0078E5}.Release|arm64.Build.0 = Release|Any CPU
		{5873C9B0-C2EF-4FEF-A9AD-99FD3F0078E5}.Release|x64.ActiveCfg = Release|Any CPU
		{5873C9B0-C2EF-4FEF-A9AD-99FD3F0078E5}.Release|x64.Build.0 = Release|Any CPU
		{5873C9B0-C2EF-4FEF-A9AD-99FD3F0078E5}.Release|x86.ActiveCfg = Release|Any CPU
		{5873C9B0-C2EF-4FEF-A9AD-99FD3F0078E5}.Release|x86.Build.0 = Release|Any CPU
		{E669AAA6-7888-4EA7-BCC5-84C6BA0D28A1}.Debug|Any CPU.ActiveCfg = Debug|Any CPU
		{E669AAA6-7888-4EA7-BCC5-84C6BA0D28A1}.Debug|Any CPU.Build.0 = Debug|Any CPU
		{E669AAA6-7888-4EA7-BCC5-84C6BA0D28A1}.Debug|arm64.ActiveCfg = Debug|Any CPU
		{E669AAA6-7888-4EA7-BCC5-84C6BA0D28A1}.Debug|arm64.Build.0 = Debug|Any CPU
		{E669AAA6-7888-4EA7-BCC5-84C6BA0D28A1}.Debug|x64.ActiveCfg = Debug|Any CPU
		{E669AAA6-7888-4EA7-BCC5-84C6BA0D28A1}.Debug|x64.Build.0 = Debug|Any CPU
		{E669AAA6-7888-4EA7-BCC5-84C6BA0D28A1}.Debug|x86.ActiveCfg = Debug|Any CPU
		{E669AAA6-7888-4EA7-BCC5-84C6BA0D28A1}.Debug|x86.Build.0 = Debug|Any CPU
		{E669AAA6-7888-4EA7-BCC5-84C6BA0D28A1}.Release|Any CPU.ActiveCfg = Release|Any CPU
		{E669AAA6-7888-4EA7-BCC5-84C6BA0D28A1}.Release|Any CPU.Build.0 = Release|Any CPU
		{E669AAA6-7888-4EA7-BCC5-84C6BA0D28A1}.Release|arm64.ActiveCfg = Release|Any CPU
		{E669AAA6-7888-4EA7-BCC5-84C6BA0D28A1}.Release|arm64.Build.0 = Release|Any CPU
		{E669AAA6-7888-4EA7-BCC5-84C6BA0D28A1}.Release|x64.ActiveCfg = Release|Any CPU
		{E669AAA6-7888-4EA7-BCC5-84C6BA0D28A1}.Release|x64.Build.0 = Release|Any CPU
		{E669AAA6-7888-4EA7-BCC5-84C6BA0D28A1}.Release|x86.ActiveCfg = Release|Any CPU
		{E669AAA6-7888-4EA7-BCC5-84C6BA0D28A1}.Release|x86.Build.0 = Release|Any CPU
	EndGlobalSection
	GlobalSection(SolutionProperties) = preSolution
		HideSolutionNode = FALSE
	EndGlobalSection
	GlobalSection(NestedProjects) = preSolution
		{D330E275-4B7A-4225-A8AE-B17CD3D75AAB} = {D2BBB088-B83D-486F-B5F6-BA350E423111}
		{EFB58FFF-AFD1-4788-AA48-0652BD800A3A} = {D330E275-4B7A-4225-A8AE-B17CD3D75AAB}
		{6422F7E7-8F3A-4750-9A82-9C0153726062} = {EFB58FFF-AFD1-4788-AA48-0652BD800A3A}
		{4DA667C9-7864-45B1-9CF6-535A1DEE8859} = {D2BBB088-B83D-486F-B5F6-BA350E423111}
		{3E7AB63E-2619-4DFB-AF7D-D562C0533AB3} = {1A911254-6A56-4D1C-B8D3-7A7EE3EF2B0E}
		{5873C9B0-C2EF-4FEF-A9AD-99FD3F0078E5} = {1A911254-6A56-4D1C-B8D3-7A7EE3EF2B0E}
		{E669AAA6-7888-4EA7-BCC5-84C6BA0D28A1} = {1A911254-6A56-4D1C-B8D3-7A7EE3EF2B0E}
	EndGlobalSection
	GlobalSection(ExtensibilityGlobals) = postSolution
		SolutionGuid = {C4AFFE08-D045-4D40-B481-77043A089158}
	EndGlobalSection
EndGlobal
