
Microsoft Visual Studio Solution File, Format Version 12.00
# Visual Studio Version 17
VisualStudioVersion = 17.2.32630.192
MinimumVisualStudioVersion = 10.0.40219.1
Project("{9A19103F-16F7-4668-BE54-9A1E7A4F7556}") = "Tum4ik.JustClipboardManager", "Tum4ik.JustClipboardManager\Tum4ik.JustClipboardManager.csproj", "{D05552BF-0AB2-4D0C-B466-476A01A91B07}"
EndProject
Project("{2150E333-8FDC-42A3-9474-1A3956D46DE8}") = "Solution Items", "Solution Items", "{D2BBB088-B83D-486F-B5F6-BA350E423111}"
	ProjectSection(SolutionItems) = preProject
		.editorconfig = .editorconfig
		.gitignore = .gitignore
		LICENSE = LICENSE
		README.md = README.md
	EndProjectSection
EndProject
Project("{9A19103F-16F7-4668-BE54-9A1E7A4F7556}") = "Tum4ik.SorceGenerators", "Tum4ik.SorceGenerators\Tum4ik.SorceGenerators.csproj", "{D15D077D-51AD-45E6-879F-EACD5D4CBF3C}"
EndProject
Project("{9A19103F-16F7-4668-BE54-9A1E7A4F7556}") = "Tum4ik.Attributes", "Tum4ik.Attributes\Tum4ik.Attributes.csproj", "{750CEE32-6557-46F7-8BDF-BDC9DE8EEFEA}"
EndProject
Project("{9A19103F-16F7-4668-BE54-9A1E7A4F7556}") = "Tum4ik.EventAggregator", "Tum4ik.EventAggregator\Tum4ik.EventAggregator.csproj", "{E888701A-0BA2-4170-B62D-AB6027E3C886}"
EndProject
Global
	GlobalSection(SolutionConfigurationPlatforms) = preSolution
		Debug|Any CPU = Debug|Any CPU
		Release|Any CPU = Release|Any CPU
	EndGlobalSection
	GlobalSection(ProjectConfigurationPlatforms) = postSolution
		{D05552BF-0AB2-4D0C-B466-476A01A91B07}.Debug|Any CPU.ActiveCfg = Debug|Any CPU
		{D05552BF-0AB2-4D0C-B466-476A01A91B07}.Debug|Any CPU.Build.0 = Debug|Any CPU
		{D05552BF-0AB2-4D0C-B466-476A01A91B07}.Release|Any CPU.ActiveCfg = Release|Any CPU
		{D05552BF-0AB2-4D0C-B466-476A01A91B07}.Release|Any CPU.Build.0 = Release|Any CPU
		{D15D077D-51AD-45E6-879F-EACD5D4CBF3C}.Debug|Any CPU.ActiveCfg = Debug|Any CPU
		{D15D077D-51AD-45E6-879F-EACD5D4CBF3C}.Debug|Any CPU.Build.0 = Debug|Any CPU
		{D15D077D-51AD-45E6-879F-EACD5D4CBF3C}.Release|Any CPU.ActiveCfg = Release|Any CPU
		{D15D077D-51AD-45E6-879F-EACD5D4CBF3C}.Release|Any CPU.Build.0 = Release|Any CPU
		{750CEE32-6557-46F7-8BDF-BDC9DE8EEFEA}.Debug|Any CPU.ActiveCfg = Debug|Any CPU
		{750CEE32-6557-46F7-8BDF-BDC9DE8EEFEA}.Debug|Any CPU.Build.0 = Debug|Any CPU
		{750CEE32-6557-46F7-8BDF-BDC9DE8EEFEA}.Release|Any CPU.ActiveCfg = Release|Any CPU
		{750CEE32-6557-46F7-8BDF-BDC9DE8EEFEA}.Release|Any CPU.Build.0 = Release|Any CPU
		{E888701A-0BA2-4170-B62D-AB6027E3C886}.Debug|Any CPU.ActiveCfg = Debug|Any CPU
		{E888701A-0BA2-4170-B62D-AB6027E3C886}.Debug|Any CPU.Build.0 = Debug|Any CPU
		{E888701A-0BA2-4170-B62D-AB6027E3C886}.Release|Any CPU.ActiveCfg = Release|Any CPU
		{E888701A-0BA2-4170-B62D-AB6027E3C886}.Release|Any CPU.Build.0 = Release|Any CPU
	EndGlobalSection
	GlobalSection(SolutionProperties) = preSolution
		HideSolutionNode = FALSE
	EndGlobalSection
	GlobalSection(ExtensibilityGlobals) = postSolution
		SolutionGuid = {C4AFFE08-D045-4D40-B481-77043A089158}
	EndGlobalSection
EndGlobal
